
Microsoft Visual Studio Solution File, Format Version 12.00
# Visual Studio 15
VisualStudioVersion = 15.0.26711.1
MinimumVisualStudioVersion = 10.0.40219.1
Project("{FAE04EC0-301F-11D3-BF4B-00C04F79EFBC}") = "Kata20170726_HumanReadableTime", "Kata20170726_HumanReadableTime\Kata20170726_HumanReadableTime.csproj", "{272FEF4D-623B-4ED3-92B8-CB1753C87DED}"
EndProject
Global
	GlobalSection(SolutionConfigurationPlatforms) = preSolution
		Debug|Any CPU = Debug|Any CPU
		Release|Any CPU = Release|Any CPU
	EndGlobalSection
	GlobalSection(ProjectConfigurationPlatforms) = postSolution
		{272FEF4D-623B-4ED3-92B8-CB1753C87DED}.Debug|Any CPU.ActiveCfg = Debug|Any CPU
		{272FEF4D-623B-4ED3-92B8-CB1753C87DED}.Debug|Any CPU.Build.0 = Debug|Any CPU
		{272FEF4D-623B-4ED3-92B8-CB1753C87DED}.Release|Any CPU.ActiveCfg = Release|Any CPU
		{272FEF4D-623B-4ED3-92B8-CB1753C87DED}.Release|Any CPU.Build.0 = Release|Any CPU
	EndGlobalSection
	GlobalSection(SolutionProperties) = preSolution
		HideSolutionNode = FALSE
	EndGlobalSection
	GlobalSection(ExtensibilityGlobals) = postSolution
		SolutionGuid = {77A0CE23-BC8B-4006-B430-6E408FD304C6}
	EndGlobalSection
EndGlobal
